PODS:
  - Alamofire (4.7.1)
  - AlamofireImage (3.3.1):
    - Alamofire (~> 4.5)
  - SwiftyJSON (4.0.0)

DEPENDENCIES:
  - Alamofire
  - AlamofireImage
  - SwiftyJSON

SPEC CHECKSUMS:
  Alamofire: 68d7d521118d49c615a8d2214d87cdf525599d30
  AlamofireImage: 3b35b586853abaf94ca1250f4e94cff3c21a4c0d
  SwiftyJSON: 070dabdcb1beb81b247c65ffa3a79dbbfb3b48aa

PODFILE CHECKSUM: dfbdca20338b7a0335c6b3567534f7aeab85bffe

COCOAPODS: 1.4.0
